// !$*UTF8*$!
{
	archiveVersion = 1;
	classes = {
	};
	objectVersion = 55;
	objects = {

/* Begin PBXBuildFile section */
		1E989328270A03E800B3F6FC /* AppDelegate.swift in Sources */ = {isa = PBXBuildFile; fileRef = 1E989327270A03E800B3F6FC /* AppDelegate.swift */; };
		1E98932A270A03E800B3F6FC /* SceneDelegate.swift in Sources */ = {isa = PBXBuildFile; fileRef = 1E989329270A03E800B3F6FC /* SceneDelegate.swift */; };
		1E98932C270A03E800B3F6FC /* ViewController.swift in Sources */ = {isa = PBXBuildFile; fileRef = 1E98932B270A03E800B3F6FC /* ViewController.swift */; };
		1E98932F270A03E800B3F6FC /* Main.storyboard in Resources */ = {isa = PBXBuildFile; fileRef = 1E98932D270A03E800B3F6FC /* Main.storyboard */; };
		1E989331270A03EA00B3F6FC /* Assets.xcassets in Resources */ = {isa = PBXBuildFile; fileRef = 1E989330270A03EA00B3F6FC /* Assets.xcassets */; };
		1E989334270A03EA00B3F6FC /* LaunchScreen.storyboard in Resources */ = {isa = PBXBuildFile; fileRef = 1E989332270A03EA00B3F6FC /* LaunchScreen.storyboard */; };
		1E98933F270A03EA00B3F6FC /* searchUITestTests.swift in Sources */ = {isa = PBXBuildFile; fileRef = 1E98933E270A03EA00B3F6FC /* searchUITestTests.swift */; };
		1E989349270A03EA00B3F6FC /* searchUITestUITests.swift in Sources */ = {isa = PBXBuildFile; fileRef = 1E989348270A03EA00B3F6FC /* searchUITestUITests.swift */; };
		1E98934B270A03EA00B3F6FC /* searchUITestUITestsLaunchTests.swift in Sources */ = {isa = PBXBuildFile; fileRef = 1E98934A270A03EA00B3F6FC /* searchUITestUITestsLaunchTests.swift */; };
/* End PBXBuildFile section */

/* Begin PBXContainerItemProxy section */
		1E98933B270A03EA00B3F6FC /* PBXContainerItemProxy */ = {
			isa = PBXContainerItemProxy;
			containerPortal = 1E98931C270A03E800B3F6FC /* Project object */;
			proxyType = 1;
			remoteGlobalIDString = 1E989323270A03E800B3F6FC;
			remoteInfo = searchUITest;
		};
		1E989345270A03EA00B3F6FC /* PBXContainerItemProxy */ = {
			isa = PBXContainerItemProxy;
			containerPortal = 1E98931C270A03E800B3F6FC /* Project object */;
			proxyType = 1;
			remoteGlobalIDString = 1E989323270A03E800B3F6FC;
			remoteInfo = searchUITest;
		};
/* End PBXContainerItemProxy section */

/* Begin PBXFileReference section */
		1E989324270A03E800B3F6FC /* searchUITest.app */ = {isa = PBXFileReference; explicitFileType = wrapper.application; includeInIndex = 0; path = searchUITest.app; sourceTree = BUILT_PRODUCTS_DIR; };
		1E989327270A03E800B3F6FC /* AppDelegate.swift */ = {isa = PBXFileReference; lastKnownFileType = sourcecode.swift; path = AppDelegate.swift; sourceTree = "<group>"; };
		1E989329270A03E800B3F6FC /* SceneDelegate.swift */ = {isa = PBXFileReference; lastKnownFileType = sourcecode.swift; path = SceneDelegate.swift; sourceTree = "<group>"; };
		1E98932B270A03E800B3F6FC /* ViewController.swift */ = {isa = PBXFileReference; lastKnownFileType = sourcecode.swift; path = ViewController.swift; sourceTree = "<group>"; };
		1E98932E270A03E800B3F6FC /* Base */ = {isa = PBXFileReference; lastKnownFileType = file.storyboard; name = Base; path = Base.lproj/Main.storyboard; sourceTree = "<group>"; };
		1E989330270A03EA00B3F6FC /* Assets.xcassets */ = {isa = PBXFileReference; lastKnownFileType = folder.assetcatalog; path = Assets.xcassets; sourceTree = "<group>"; };
		1E989333270A03EA00B3F6FC /* Base */ = {isa = PBXFileReference; lastKnownFileType = file.storyboard; name = Base; path = Base.lproj/LaunchScreen.storyboard; sourceTree = "<group>"; };
		1E989335270A03EA00B3F6FC /* Info.plist */ = {isa = PBXFileReference; lastKnownFileType = text.plist.xml; path = Info.plist; sourceTree = "<group>"; };
		1E98933A270A03EA00B3F6FC /* searchUITestTests.xctest */ = {isa = PBXFileReference; explicitFileType = wrapper.cfbundle; includeInIndex = 0; path = searchUITestTests.xctest; sourceTree = BUILT_PRODUCTS_DIR; };
		1E98933E270A03EA00B3F6FC /* searchUITestTests.swift */ = {isa = PBXFileReference; lastKnownFileType = sourcecode.swift; path = searchUITestTests.swift; sourceTree = "<group>"; };
		1E989344270A03EA00B3F6FC /* searchUITestUITests.xctest */ = {isa = PBXFileReference; explicitFileType = wrapper.cfbundle; includeInIndex = 0; path = searchUITestUITests.xctest; sourceTree = BUILT_PRODUCTS_DIR; };
		1E989348270A03EA00B3F6FC /* searchUITestUITests.swift */ = {isa = PBXFileReference; lastKnownFileType = sourcecode.swift; path = searchUITestUITests.swift; sourceTree = "<group>"; };
		1E98934A270A03EA00B3F6FC /* searchUITestUITestsLaunchTests.swift */ = {isa = PBXFileReference; lastKnownFileType = sourcecode.swift; path = searchUITestUITestsLaunchTests.swift; sourceTree = "<group>"; };
/* End PBXFileReference section */

/* Begin PBXFrameworksBuildPhase section */
		1E989321270A03E800B3F6FC /* Frameworks */ = {
			isa = PBXFrameworksBuildPhase;
			buildActionMask = 2147483647;
			files = (
			);
			runOnlyForDeploymentPostprocessing = 0;
		};
		1E989337270A03EA00B3F6FC /* Frameworks */ = {
			isa = PBXFrameworksBuildPhase;
			buildActionMask = 2147483647;
			files = (
			);
			runOnlyForDeploymentPostprocessing = 0;
		};
		1E989341270A03EA00B3F6FC /* Frameworks */ = {
			isa = PBXFrameworksBuildPhase;
			buildActionMask = 2147483647;
			files = (
			);
			runOnlyForDeploymentPostprocessing = 0;
		};
/* End PBXFrameworksBuildPhase section */

/* Begin PBXGroup section */
		1E98931B270A03E800B3F6FC = {
			isa = PBXGroup;
			children = (
				1E989326270A03E800B3F6FC /* searchUITest */,
				1E98933D270A03EA00B3F6FC /* searchUITestTests */,
				1E989347270A03EA00B3F6FC /* searchUITestUITests */,
				1E989325270A03E800B3F6FC /* Products */,
			);
			sourceTree = "<group>";
		};
		1E989325270A03E800B3F6FC /* Products */ = {
			isa = PBXGroup;
			children = (
				1E989324270A03E800B3F6FC /* searchUITest.app */,
				1E98933A270A03EA00B3F6FC /* searchUITestTests.xctest */,
				1E989344270A03EA00B3F6FC /* searchUITestUITests.xctest */,
			);
			name = Products;
			sourceTree = "<group>";
		};
		1E989326270A03E800B3F6FC /* searchUITest */ = {
			isa = PBXGroup;
			children = (
				1E989327270A03E800B3F6FC /* AppDelegate.swift */,
				1E989329270A03E800B3F6FC /* SceneDelegate.swift */,
				1E98932B270A03E800B3F6FC /* ViewController.swift */,
				1E98932D270A03E800B3F6FC /* Main.storyboard */,
				1E989330270A03EA00B3F6FC /* Assets.xcassets */,
				1E989332270A03EA00B3F6FC /* LaunchScreen.storyboard */,
				1E989335270A03EA00B3F6FC /* Info.plist */,
			);
			path = searchUITest;
			sourceTree = "<group>";
		};
		1E98933D270A03EA00B3F6FC /* searchUITestTests */ = {
			isa = PBXGroup;
			children = (
				1E98933E270A03EA00B3F6FC /* searchUITestTests.swift */,
			);
			path = searchUITestTests;
			sourceTree = "<group>";
		};
		1E989347270A03EA00B3F6FC /* searchUITestUITests */ = {
			isa = PBXGroup;
			children = (
				1E989348270A03EA00B3F6FC /* searchUITestUITests.swift */,
				1E98934A270A03EA00B3F6FC /* searchUITestUITestsLaunchTests.swift */,
			);
			path = searchUITestUITests;
			sourceTree = "<group>";
		};
/* End PBXGroup section */

/* Begin PBXNativeTarget section */
		1E989323270A03E800B3F6FC /* searchUITest */ = {
			isa = PBXNativeTarget;
			buildConfigurationList = 1E98934E270A03EA00B3F6FC /* Build configuration list for PBXNativeTarget "searchUITest" */;
			buildPhases = (
				1E989320270A03E800B3F6FC /* Sources */,
				1E989321270A03E800B3F6FC /* Frameworks */,
				1E989322270A03E800B3F6FC /* Resources */,
			);
			buildRules = (
			);
			dependencies = (
			);
			name = searchUITest;
			productName = searchUITest;
			productReference = 1E989324270A03E800B3F6FC /* searchUITest.app */;
			productType = "com.apple.product-type.application";
		};
		1E989339270A03EA00B3F6FC /* searchUITestTests */ = {
			isa = PBXNativeTarget;
			buildConfigurationList = 1E989351270A03EA00B3F6FC /* Build configuration list for PBXNativeTarget "searchUITestTests" */;
			buildPhases = (
				1E989336270A03EA00B3F6FC /* Sources */,
				1E989337270A03EA00B3F6FC /* Frameworks */,
				1E989338270A03EA00B3F6FC /* Resources */,
			);
			buildRules = (
			);
			dependencies = (
				1E98933C270A03EA00B3F6FC /* PBXTargetDependency */,
			);
			name = searchUITestTests;
			productName = searchUITestTests;
			productReference = 1E98933A270A03EA00B3F6FC /* searchUITestTests.xctest */;
			productType = "com.apple.product-type.bundle.unit-test";
		};
		1E989343270A03EA00B3F6FC /* searchUITestUITests */ = {
			isa = PBXNativeTarget;
			buildConfigurationList = 1E989354270A03EA00B3F6FC /* Build configuration list for PBXNativeTarget "searchUITestUITests" */;
			buildPhases = (
				1E989340270A03EA00B3F6FC /* Sources */,
				1E989341270A03EA00B3F6FC /* Frameworks */,
				1E989342270A03EA00B3F6FC /* Resources */,
			);
			buildRules = (
			);
			dependencies = (
				1E989346270A03EA00B3F6FC /* PBXTargetDependency */,
			);
			name = searchUITestUITests;
			productName = searchUITestUITests;
			productReference = 1E989344270A03EA00B3F6FC /* searchUITestUITests.xctest */;
			productType = "com.apple.product-type.bundle.ui-testing";
		};
/* End PBXNativeTarget section */

/* Begin PBXProject section */
		1E98931C270A03E800B3F6FC /* Project object */ = {
			isa = PBXProject;
			attributes = {
				BuildIndependentTargetsInParallel = 1;
				LastSwiftUpdateCheck = 1300;
				LastUpgradeCheck = 1300;
				TargetAttributes = {
					1E989323270A03E800B3F6FC = {
						CreatedOnToolsVersion = 13.0;
					};
					1E989339270A03EA00B3F6FC = {
						CreatedOnToolsVersion = 13.0;
						TestTargetID = 1E989323270A03E800B3F6FC;
					};
					1E989343270A03EA00B3F6FC = {
						CreatedOnToolsVersion = 13.0;
						TestTargetID = 1E989323270A03E800B3F6FC;
					};
				};
			};
			buildConfigurationList = 1E98931F270A03E800B3F6FC /* Build configuration list for PBXProject "searchUITest" */;
			compatibilityVersion = "Xcode 13.0";
			developmentRegion = en;
			hasScannedForEncodings = 0;
			knownRegions = (
				en,
				Base,
			);
			mainGroup = 1E98931B270A03E800B3F6FC;
			productRefGroup = 1E989325270A03E800B3F6FC /* Products */;
			projectDirPath = "";
			projectRoot = "";
			targets = (
				1E989323270A03E800B3F6FC /* searchUITest */,
				1E989339270A03EA00B3F6FC /* searchUITestTests */,
				1E989343270A03EA00B3F6FC /* searchUITestUITests */,
			);
		};
/* End PBXProject section */

/* Begin PBXResourcesBuildPhase section */
		1E989322270A03E800B3F6FC /* Resources */ = {
			isa = PBXResourcesBuildPhase;
			buildActionMask = 2147483647;
			files = (
				1E989334270A03EA00B3F6FC /* LaunchScreen.storyboard in Resources */,
				1E989331270A03EA00B3F6FC /* Assets.xcassets in Resources */,
				1E98932F270A03E800B3F6FC /* Main.storyboard in Resources */,
			);
			runOnlyForDeploymentPostprocessing = 0;
		};
		1E989338270A03EA00B3F6FC /* Resources */ = {
			isa = PBXResourcesBuildPhase;
			buildActionMask = 2147483647;
			files = (
			);
			runOnlyForDeploymentPostprocessing = 0;
		};
		1E989342270A03EA00B3F6FC /* Resources */ = {
			isa = PBXResourcesBuildPhase;
			buildActionMask = 2147483647;
			files = (
			);
			runOnlyForDeploymentPostprocessing = 0;
		};
/* End PBXResourcesBuildPhase section */

/* Begin PBXSourcesBuildPhase section */
		1E989320270A03E800B3F6FC /* Sources */ = {
			isa = PBXSourcesBuildPhase;
			buildActionMask = 2147483647;
			files = (
				1E98932C270A03E800B3F6FC /* ViewController.swift in Sources */,
				1E989328270A03E800B3F6FC /* AppDelegate.swift in Sources */,
				1E98932A270A03E800B3F6FC /* SceneDelegate.swift in Sources */,
			);
			runOnlyForDeploymentPostprocessing = 0;
		};
		1E989336270A03EA00B3F6FC /* Sources */ = {
			isa = PBXSourcesBuildPhase;
			buildActionMask = 2147483647;
			files = (
				1E98933F270A03EA00B3F6FC /* searchUITestTests.swift in Sources */,
			);
			runOnlyForDeploymentPostprocessing = 0;
		};
		1E989340270A03EA00B3F6FC /* Sources */ = {
			isa = PBXSourcesBuildPhase;
			buildActionMask = 2147483647;
			files = (
				1E98934B270A03EA00B3F6FC /* searchUITestUITestsLaunchTests.swift in Sources */,
				1E989349270A03EA00B3F6FC /* searchUITestUITests.swift in Sources */,
			);
			runOnlyForDeploymentPostprocessing = 0;
		};
/* End PBXSourcesBuildPhase section */

/* Begin PBXTargetDependency section */
		1E98933C270A03EA00B3F6FC /* PBXTargetDependency */ = {
			isa = PBXTargetDependency;
			target = 1E989323270A03E800B3F6FC /* searchUITest */;
			targetProxy = 1E98933B270A03EA00B3F6FC /* PBXContainerItemProxy */;
		};
		1E989346270A03EA00B3F6FC /* PBXTargetDependency */ = {
			isa = PBXTargetDependency;
			target = 1E989323270A03E800B3F6FC /* searchUITest */;
			targetProxy = 1E989345270A03EA00B3F6FC /* PBXContainerItemProxy */;
		};
/* End PBXTargetDependency section */

/* Begin PBXVariantGroup section */
		1E98932D270A03E800B3F6FC /* Main.storyboard */ = {
			isa = PBXVariantGroup;
			children = (
				1E98932E270A03E800B3F6FC /* Base */,
			);
			name = Main.storyboard;
			sourceTree = "<group>";
		};
		1E989332270A03EA00B3F6FC /* LaunchScreen.storyboard */ = {
			isa = PBXVariantGroup;
			children = (
				1E989333270A03EA00B3F6FC /* Base */,
			);
			name = LaunchScreen.storyboard;
			sourceTree = "<group>";
		};
/* End PBXVariantGroup section */

/* Begin XCBuildConfiguration section */
		1E98934C270A03EA00B3F6FC /* Debug */ = {
			isa = XCBuildConfiguration;
			buildSettings = {
				ALWAYS_SEARCH_USER_PATHS = NO;
				CLANG_ANALYZER_NONNULL = YES;
				CLANG_ANALYZER_NUMBER_OBJECT_CONVERSION = YES_AGGRESSIVE;
				CLANG_CXX_LANGUAGE_STANDARD = "gnu++17";
				CLANG_CXX_LIBRARY = "libc++";
				CLANG_ENABLE_MODULES = YES;
				CLANG_ENABLE_OBJC_ARC = YES;
				CLANG_ENABLE_OBJC_WEAK = YES;
				CLANG_WARN_BLOCK_CAPTURE_AUTORELEASING = YES;
				CLANG_WARN_BOOL_CONVERSION = YES;
				CLANG_WARN_COMMA = YES;
				CLANG_WARN_CONSTANT_CONVERSION = YES;
				CLANG_WARN_DEPRECATED_OBJC_IMPLEMENTATIONS = YES;
				CLANG_WARN_DIRECT_OBJC_ISA_USAGE = YES_ERROR;
				CLANG_WARN_DOCUMENTATION_COMMENTS = YES;
				CLANG_WARN_EMPTY_BODY = YES;
				CLANG_WARN_ENUM_CONVERSION = YES;
				CLANG_WARN_INFINITE_RECURSION = YES;
				CLANG_WARN_INT_CONVERSION = YES;
				CLANG_WARN_NON_LITERAL_NULL_CONVERSION = YES;
				CLANG_WARN_OBJC_IMPLICIT_RETAIN_SELF = YES;
				CLANG_WARN_OBJC_LITERAL_CONVERSION = YES;
				CLANG_WARN_OBJC_ROOT_CLASS = YES_ERROR;
				CLANG_WARN_QUOTED_INCLUDE_IN_FRAMEWORK_HEADER = YES;
				CLANG_WARN_RANGE_LOOP_ANALYSIS = YES;
				CLANG_WARN_STRICT_PROTOTYPES = YES;
				CLANG_WARN_SUSPICIOUS_MOVE = YES;
				CLANG_WARN_UNGUARDED_AVAILABILITY = YES_AGGRESSIVE;
				CLANG_WARN_UNREACHABLE_CODE = YES;
				CLANG_WARN__DUPLICATE_METHOD_MATCH = YES;
				COPY_PHASE_STRIP = NO;
				DEBUG_INFORMATION_FORMAT = dwarf;
				ENABLE_STRICT_OBJC_MSGSEND = YES;
				ENABLE_TESTABILITY = YES;
				GCC_C_LANGUAGE_STANDARD = gnu11;
				GCC_DYNAMIC_NO_PIC = NO;
				GCC_NO_COMMON_BLOCKS = YES;
				GCC_OPTIMIZATION_LEVEL = 0;
				GCC_PREPROCESSOR_DEFINITIONS = (
					"DEBUG=1",
					"$(inherited)",
				);
				GCC_WARN_64_TO_32_BIT_CONVERSION = YES;
				GCC_WARN_ABOUT_RETURN_TYPE = YES_ERROR;
				GCC_WARN_UNDECLARED_SELECTOR = YES;
				GCC_WARN_UNINITIALIZED_AUTOS = YES_AGGRESSIVE;
				GCC_WARN_UNUSED_FUNCTION = YES;
				GCC_WARN_UNUSED_VARIABLE = YES;
				IPHONEOS_DEPLOYMENT_TARGET = 15.0;
				MTL_ENABLE_DEBUG_INFO = INCLUDE_SOURCE;
				MTL_FAST_MATH = YES;
				ONLY_ACTIVE_ARCH = YES;
				SDKROOT = iphoneos;
				SWIFT_ACTIVE_COMPILATION_CONDITIONS = DEBUG;
				SWIFT_OPTIMIZATION_LEVEL = "-Onone";
			};
			name = Debug;
		};
		1E98934D270A03EA00B3F6FC /* Release */ = {
			isa = XCBuildConfiguration;
			buildSettings = {
				ALWAYS_SEARCH_USER_PATHS = NO;
				CLANG_ANALYZER_NONNULL = YES;
				CLANG_ANALYZER_NUMBER_OBJECT_CONVERSION = YES_AGGRESSIVE;
				CLANG_CXX_LANGUAGE_STANDARD = "gnu++17";
				CLANG_CXX_LIBRARY = "libc++";
				CLANG_ENABLE_MODULES = YES;
				CLANG_ENABLE_OBJC_ARC = YES;
				CLANG_ENABLE_OBJC_WEAK = YES;
				CLANG_WARN_BLOCK_CAPTURE_AUTORELEASING = YES;
				CLANG_WARN_BOOL_CONVERSION = YES;
				CLANG_WARN_COMMA = YES;
				CLANG_WARN_CONSTANT_CONVERSION = YES;
				CLANG_WARN_DEPRECATED_OBJC_IMPLEMENTATIONS = YES;
				CLANG_WARN_DIRECT_OBJC_ISA_USAGE = YES_ERROR;
				CLANG_WARN_DOCUMENTATION_COMMENTS = YES;
				CLANG_WARN_EMPTY_BODY = YES;
				CLANG_WARN_ENUM_CONVERSION = YES;
				CLANG_WARN_INFINITE_RECURSION = YES;
				CLANG_WARN_INT_CONVERSION = YES;
				CLANG_WARN_NON_LITERAL_NULL_CONVERSION = YES;
				CLANG_WARN_OBJC_IMPLICIT_RETAIN_SELF = YES;
				CLANG_WARN_OBJC_LITERAL_CONVERSION = YES;
				CLANG_WARN_OBJC_ROOT_CLASS = YES_ERROR;
				CLANG_WARN_QUOTED_INCLUDE_IN_FRAMEWORK_HEADER = YES;
				CLANG_WARN_RANGE_LOOP_ANALYSIS = YES;
				CLANG_WARN_STRICT_PROTOTYPES = YES;
				CLANG_WARN_SUSPICIOUS_MOVE = YES;
				CLANG_WARN_UNGUARDED_AVAILABILITY = YES_AGGRESSIVE;
				CLANG_WARN_UNREACHABLE_CODE = YES;
				CLANG_WARN__DUPLICATE_METHOD_MATCH = YES;
				COPY_PHASE_STRIP = NO;
				DEBUG_INFORMATION_FORMAT = "dwarf-with-dsym";
				ENABLE_NS_ASSERTIONS = NO;
				ENABLE_STRICT_OBJC_MSGSEND = YES;
				GCC_C_LANGUAGE_STANDARD = gnu11;
				GCC_NO_COMMON_BLOCKS = YES;
				GCC_WARN_64_TO_32_BIT_CONVERSION = YES;
				GCC_WARN_ABOUT_RETURN_TYPE = YES_ERROR;
				GCC_WARN_UNDECLARED_SELECTOR = YES;
				GCC_WARN_UNINITIALIZED_AUTOS = YES_AGGRESSIVE;
				GCC_WARN_UNUSED_FUNCTION = YES;
				GCC_WARN_UNUSED_VARIABLE = YES;
				IPHONEOS_DEPLOYMENT_TARGET = 15.0;
				MTL_ENABLE_DEBUG_INFO = NO;
				MTL_FAST_MATH = YES;
				SDKROOT = iphoneos;
				SWIFT_COMPILATION_MODE = wholemodule;
				SWIFT_OPTIMIZATION_LEVEL = "-O";
				VALIDATE_PRODUCT = YES;
			};
			name = Release;
		};
		1E98934F270A03EA00B3F6FC /* Debug */ = {
			isa = XCBuildConfiguration;
			buildSettings = {
				ASSETCATALOG_COMPILER_APPICON_NAME = AppIcon;
				ASSETCATALOG_COMPILER_GLOBAL_ACCENT_COLOR_NAME = AccentColor;
				CODE_SIGN_STYLE = Automatic;
				CURRENT_PROJECT_VERSION = 1;
				DEVELOPMENT_TEAM = WHMA78BD2V;
				GENERATE_INFOPLIST_FILE = YES;
				INFOPLIST_FILE = searchUITest/Info.plist;
				INFOPLIST_KEY_UIApplicationSupportsIndirectInputEvents = YES;
				INFOPLIST_KEY_UILaunchStoryboardName = LaunchScreen;
				INFOPLIST_KEY_UIMainStoryboardFile = Main;
				INFOPLIST_KEY_UISupportedInterfaceOrientations_iPad = "UIInterfaceOrientationPortrait UIInterfaceOrientationPortraitUpsideDown UIInterfaceOrientationLandscapeLeft UIInterfaceOrientationLandscapeRight";
				INFOPLIST_KEY_UISupportedInterfaceOrientations_iPhone = "UIInterfaceOrientationPortrait UIInterfaceOrientationLandscapeLeft UIInterfaceOrientationLandscapeRight";
				LD_RUNPATH_SEARCH_PATHS = (
					"$(inherited)",
					"@executable_path/Frameworks",
				);
				MARKETING_VERSION = 1.0;
				PRODUCT_BUNDLE_IDENTIFIER = com.kosmotion.searchUITest;
				PRODUCT_NAME = "$(TARGET_NAME)";
				SWIFT_EMIT_LOC_STRINGS = YES;
				SWIFT_VERSION = 5.0;
				TARGETED_DEVICE_FAMILY = "1,2";
			};
			name = Debug;
		};
		1E989350270A03EA00B3F6FC /* Release */ = {
			isa = XCBuildConfiguration;
			buildSettings = {
				ASSETCATALOG_COMPILER_APPICON_NAME = AppIcon;
				ASSETCATALOG_COMPILER_GLOBAL_ACCENT_COLOR_NAME = AccentColor;
				CODE_SIGN_STYLE = Automatic;
				CURRENT_PROJECT_VERSION = 1;
				DEVELOPMENT_TEAM = WHMA78BD2V;
				GENERATE_INFOPLIST_FILE = YES;
				INFOPLIST_FILE = searchUITest/Info.plist;
				INFOPLIST_KEY_UIApplicationSupportsIndirectInputEvents = YES;
				INFOPLIST_KEY_UILaunchStoryboardName = LaunchScreen;
				INFOPLIST_KEY_UIMainStoryboardFile = Main;
				INFOPLIST_KEY_UISupportedInterfaceOrientations_iPad = "UIInterfaceOrientationPortrait UIInterfaceOrientationPortraitUpsideDown UIInterfaceOrientationLandscapeLeft UIInterfaceOrientationLandscapeRight";
				INFOPLIST_KEY_UISupportedInterfaceOrientations_iPhone = "UIInterfaceOrientationPortrait UIInterfaceOrientationLandscapeLeft UIInterfaceOrientationLandscapeRight";
				LD_RUNPATH_SEARCH_PATHS = (
					"$(inherited)",
					"@executable_path/Frameworks",
				);
				MARKETING_VERSION = 1.0;
				PRODUCT_BUNDLE_IDENTIFIER = com.kosmotion.searchUITest;
				PRODUCT_NAME = "$(TARGET_NAME)";
				SWIFT_EMIT_LOC_STRINGS = YES;
				SWIFT_VERSION = 5.0;
				TARGETED_DEVICE_FAMILY = "1,2";
			};
			name = Release;
		};
		1E989352270A03EA00B3F6FC /* Debug */ = {
			isa = XCBuildConfiguration;
			buildSettings = {
				ALWAYS_EMBED_SWIFT_STANDARD_LIBRARIES = YES;
				BUNDLE_LOADER = "$(TEST_HOST)";
				CODE_SIGN_STYLE = Automatic;
				CURRENT_PROJECT_VERSION = 1;
				GENERATE_INFOPLIST_FILE = YES;
				IPHONEOS_DEPLOYMENT_TARGET = 15.0;
				LD_RUNPATH_SEARCH_PATHS = (
					"$(inherited)",
					"@executable_path/Frameworks",
					"@loader_path/Frameworks",
				);
				MARKETING_VERSION = 1.0;
				PRODUCT_BUNDLE_IDENTIFIER = com.kosmotion.searchUITestTests;
				PRODUCT_NAME = "$(TARGET_NAME)";
				SWIFT_EMIT_LOC_STRINGS = NO;
				SWIFT_VERSION = 5.0;
				TARGETED_DEVICE_FAMILY = "1,2";
				TEST_HOST = "$(BUILT_PRODUCTS_DIR)/searchUITest.app/searchUITest";
			};
			name = Debug;
		};
		1E989353270A03EA00B3F6FC /* Release */ = {
			isa = XCBuildConfiguration;
			buildSettings = {
				ALWAYS_EMBED_SWIFT_STANDARD_LIBRARIES = YES;
				BUNDLE_LOADER = "$(TEST_HOST)";
				CODE_SIGN_STYLE = Automatic;
				CURRENT_PROJECT_VERSION = 1;
				GENERATE_INFOPLIST_FILE = YES;
				IPHONEOS_DEPLOYMENT_TARGET = 15.0;
				LD_RUNPATH_SEARCH_PATHS = (
					"$(inherited)",
					"@executable_path/Frameworks",
					"@loader_path/Frameworks",
				);
				MARKETING_VERSION = 1.0;
				PRODUCT_BUNDLE_IDENTIFIER = com.kosmotion.searchUITestTests;
				PRODUCT_NAME = "$(TARGET_NAME)";
				SWIFT_EMIT_LOC_STRINGS = NO;
				SWIFT_VERSION = 5.0;
				TARGETED_DEVICE_FAMILY = "1,2";
				TEST_HOST = "$(BUILT_PRODUCTS_DIR)/searchUITest.app/searchUITest";
			};
			name = Release;
		};
		1E989355270A03EA00B3F6FC /* Debug */ = {
			isa = XCBuildConfiguration;
			buildSettings = {
				ALWAYS_EMBED_SWIFT_STANDARD_LIBRARIES = YES;
				CODE_SIGN_STYLE = Automatic;
				CURRENT_PROJECT_VERSION = 1;
				GENERATE_INFOPLIST_FILE = YES;
				LD_RUNPATH_SEARCH_PATHS = (
					"$(inherited)",
					"@executable_path/Frameworks",
					"@loader_path/Frameworks",
				);
				MARKETING_VERSION = 1.0;
				PRODUCT_BUNDLE_IDENTIFIER = com.kosmotion.searchUITestUITests;
				PRODUCT_NAME = "$(TARGET_NAME)";
				SWIFT_EMIT_LOC_STRINGS = NO;
				SWIFT_VERSION = 5.0;
				TARGETED_DEVICE_FAMILY = "1,2";
				TEST_TARGET_NAME = searchUITest;
			};
			name = Debug;
		};
		1E989356270A03EA00B3F6FC /* Release */ = {
			isa = XCBuildConfiguration;
			buildSettings = {
				ALWAYS_EMBED_SWIFT_STANDARD_LIBRARIES = YES;
				CODE_SIGN_STYLE = Automatic;
				CURRENT_PROJECT_VERSION = 1;
				GENERATE_INFOPLIST_FILE = YES;
				LD_RUNPATH_SEARCH_PATHS = (
					"$(inherited)",
					"@executable_path/Frameworks",
					"@loader_path/Frameworks",
				);
				MARKETING_VERSION = 1.0;
				PRODUCT_BUNDLE_IDENTIFIER = com.kosmotion.searchUITestUITests;
				PRODUCT_NAME = "$(TARGET_NAME)";
				SWIFT_EMIT_LOC_STRINGS = NO;
				SWIFT_VERSION = 5.0;
				TARGETED_DEVICE_FAMILY = "1,2";
				TEST_TARGET_NAME = searchUITest;
			};
			name = Release;
		};
/* End XCBuildConfiguration section */

/* Begin XCConfigurationList section */
		1E98931F270A03E800B3F6FC /* Build configuration list for PBXProject "searchUITest" */ = {
			isa = XCConfigurationList;
			buildConfigurations = (
				1E98934C270A03EA00B3F6FC /* Debug */,
				1E98934D270A03EA00B3F6FC /* Release */,
			);
			defaultConfigurationIsVisible = 0;
			defaultConfigurationName = Release;
		};
		1E98934E270A03EA00B3F6FC /* Build configuration list for PBXNativeTarget "searchUITest" */ = {
			isa = XCConfigurationList;
			buildConfigurations = (
				1E98934F270A03EA00B3F6FC /* Debug */,
				1E989350270A03EA00B3F6FC /* Release */,
			);
			defaultConfigurationIsVisible = 0;
			defaultConfigurationName = Release;
		};
		1E989351270A03EA00B3F6FC /* Build configuration list for PBXNativeTarget "searchUITestTests" */ = {
			isa = XCConfigurationList;
			buildConfigurations = (
				1E989352270A03EA00B3F6FC /* Debug */,
				1E989353270A03EA00B3F6FC /* Release */,
			);
			defaultConfigurationIsVisible = 0;
			defaultConfigurationName = Release;
		};
		1E989354270A03EA00B3F6FC /* Build configuration list for PBXNativeTarget "searchUITestUITests" */ = {
			isa = XCConfigurationList;
			buildConfigurations = (
				1E989355270A03EA00B3F6FC /* Debug */,
				1E989356270A03EA00B3F6FC /* Release */,
			);
			defaultConfigurationIsVisible = 0;
			defaultConfigurationName = Release;
		};
/* End XCConfigurationList section */
	};
	rootObject = 1E98931C270A03E800B3F6FC /* Project object */;
}
